lockfileVersion: '9.0'

settings:
  autoInstallPeers: true
  excludeLinksFromLockfile: false

overrides:
  next: ^15.5.15
  file-type: ^22.0.1
  fast-xml-parser: ^5.7.1
  uuid: ^11.0.5

importers:

  .:
    dependencies:
      '@types/leaflet':
        specifier: ^1.9.21
        version: 1.9.21
      leaflet:
        specifier: ^1.9.4
        version: 1.9.4
      react:
        specifier: ^18.3.1
        version: 18.3.1
      react-dom:
        specifier: ^18.3.1
        version: 18.3.1(react@18.3.1)
      react-leaflet:
        specifier: ^4.2.1
        version: 4.2.1(leaflet@1.9.4)(react-dom@18.3.1(react@18.3.1))(react@18.3.1)
      remixicon:
        specifier: ^4.9.1
        version: 4.9.1
    devDependencies:
      '@playwright/test':
        specifier: ^1.59.1
        version: 1.59.1
      '@types/google.maps':
        specifier: ^3.64.0
        version: 3.64.0

packages:

  '@playwright/test@1.59.1':
    resolution: {integrity: sha512-PG6q63nQg5c9rIi4/Z5lR5IVF7yU5MqmKaPOe0HSc0O2cX1fPi96sUQu5j7eo4gKCkB2AnNGoWt7y4/Xx3Kcqg==}
    engines: {node: '>=18'}
    hasBin: true

  '@react-leaflet/core@2.1.0':
    resolution: {integrity: sha512-Qk7Pfu8BSarKGqILj4x7bCSZ1pjuAPZ+qmRwH5S7mDS91VSbVVsJSrW4qA+GPrro8t69gFYVMWb1Zc4yFmPiVg==}
    peerDependencies:
      leaflet: ^1.9.0
      react: ^18.0.0
      react-dom: ^18.0.0

  '@types/geojson@7946.0.16':
    resolution: {integrity: sha512-6C8nqWur3j98U6+lXDfTUWIfgvZU+EumvpHKcYjujKH7woYyLj2sUmff0tRhrqM7BohUw7Pz3ZB1jj2gW9Fvmg==}

  '@types/google.maps@3.64.0':
    resolution: {integrity: sha512-dN0H6tB4lgLQLovcbPXFYYOEV41TpyyJghzb5jrzjB96FZmjeOghevVdC+BMGd6YqyCqXaggyEtqRXLRjzCBZA==}

  '@types/leaflet@1.9.21':
    resolution: {integrity: sha512-TbAd9DaPGSnzp6QvtYngntMZgcRk+igFELwR2N99XZn7RXUdKgsXMR+28bUO0rPsWp8MIu/f47luLIQuSLYv/w==}

  fsevents@2.3.2:
    resolution: {integrity: sha512-xiqMQR4xAeHTuB9uWm+fFRcIOgKBMiOBP+eXiyT7jsgVCq1bkVygt00oASowB7EdtpOHaaPgKt812P9ab+DDKA==}
    engines: {node: ^8.16.0 || ^10.6.0 || >=11.0.0}
    os: [darwin]

  js-tokens@4.0.0:
    resolution: {integrity: sha512-RdJUflcE3cUzKiMqQgsCu06FPu9UdIJO0beYbPhHN4k6apgJtifcoCtT9bcxOpYBtpD2kCM6Sbzg4CausW/PKQ==}

  leaflet@1.9.4:
    resolution: {integrity: sha512-nxS1ynzJOmOlHp+iL3FyWqK89GtNL8U8rvlMOsQdTTssxZwCXh8N2NB3GDQOL+YR3XnWyZAxwQixURb+FA74PA==}

  loose-envify@1.4.0:
    resolution: {integrity: sha512-lyuxPGr/Wfhrlem2CL/UcnUc1zcqKAImBDzukY7Y5F/yQiNdko6+fRLevlw1HgMySw7f611UIY408EtxRSoK3Q==}
    hasBin: true

  playwright-core@1.59.1:
    resolution: {integrity: sha512-HBV/RJg81z5BiiZ9yPzIiClYV/QMsDCKUyogwH9p3MCP6IYjUFu/MActgYAvK0oWyV9NlwM3GLBjADyWgydVyg==}
    engines: {node: '>=18'}
    hasBin: true

  playwright@1.59.1:
    resolution: {integrity: sha512-C8oWjPR3F81yljW9o5OxcWzfh6avkVwDD2VYdwIGqTkl+OGFISgypqzfu7dOe4QNLL2aqcWBmI3PMtLIK233lw==}
    engines: {node: '>=18'}
    hasBin: true

  react-dom@18.3.1:
    resolution: {integrity: sha512-5m4nQKp+rZRb09LNH59GM4BxTh9251/ylbKIbpe7TpGxfJ+9kv6BLkLBXIjjspbgbnIBNqlI23tRnTWT0snUIw==}
    peerDependencies:
      react: ^18.3.1

  react-leaflet@4.2.1:
    resolution: {integrity: sha512-p9chkvhcKrWn/H/1FFeVSqLdReGwn2qmiobOQGO3BifX+/vV/39qhY8dGqbdcPh1e6jxh/QHriLXr7a4eLFK4Q==}
    peerDependencies:
      leaflet: ^1.9.0
      react: ^18.0.0
      react-dom: ^18.0.0

  react@18.3.1:
    resolution: {integrity: sha512-wS+hAgJShR0KhEvPJArfuPVN1+Hz1t0Y6n5jLrGQbkb4urgPE/0Rve+1kMB1v/oWgHgm4WIcV+i7F2pTVj+2iQ==}
    engines: {node: '>=0.10.0'}

  remixicon@4.9.1:
    resolution: {integrity: sha512-36gLSoujkabnCFZFDyP17VNh9piuBA/rsXUb4auSJWLGsHVXtmxLj/EM5FjaEAGnk8oIAj1Azob/DZ2N+90lAQ==}

  scheduler@0.23.2:
    resolution: {integrity: sha512-UOShsPwz7NrMUqhR6t0hWjFduvOzbtv7toDH1/hIrfRNIDBnnBWd0CwJTGvTpngVlmwGCdP9/Zl/tVrDqcuYzQ==}

snapshots:

  '@playwright/test@1.59.1':
    dependencies:
      playwright: 1.59.1

  '@react-leaflet/core@2.1.0(leaflet@1.9.4)(react-dom@18.3.1(react@18.3.1))(react@18.3.1)':
    dependencies:
      leaflet: 1.9.4
      react: 18.3.1
      react-dom: 18.3.1(react@18.3.1)

  '@types/geojson@7946.0.16': {}

  '@types/google.maps@3.64.0': {}

  '@types/leaflet@1.9.21':
    dependencies:
      '@types/geojson': 7946.0.16

  fsevents@2.3.2:
    optional: true

  js-tokens@4.0.0: {}

  leaflet@1.9.4: {}

  loose-envify@1.4.0:
    dependencies:
      js-tokens: 4.0.0

  playwright-core@1.59.1: {}

  playwright@1.59.1:
    dependencies:
      playwright-core: 1.59.1
    optionalDependencies:
      fsevents: 2.3.2

  react-dom@18.3.1(react@18.3.1):
    dependencies:
      loose-envify: 1.4.0
      react: 18.3.1
      scheduler: 0.23.2

  react-leaflet@4.2.1(leaflet@1.9.4)(react-dom@18.3.1(react@18.3.1))(react@18.3.1):
    dependencies:
      '@react-leaflet/core': 2.1.0(leaflet@1.9.4)(react-dom@18.3.1(react@18.3.1))(react@18.3.1)
      leaflet: 1.9.4
      react: 18.3.1
      react-dom: 18.3.1(react@18.3.1)

  react@18.3.1:
    dependencies:
      loose-envify: 1.4.0

  remixicon@4.9.1: {}

  scheduler@0.23.2:
    dependencies:
      loose-envify: 1.4.0
